
Microsoft Visual Studio Solution File, Format Version 12.00
# Visual Studio Version 17
VisualStudioVersion = 17.7.34018.315
MinimumVisualStudioVersion = 10.0.40219.1
Project("{FAE04EC0-301F-11D3-BF4B-00C04F79EFBC}") = "Hangman", "Hangman\Hangman.csproj", "{D1587898-5FFD-4928-AFB5-EA7648F29C3F}"
EndProject
Global
	GlobalSection(SolutionConfigurationPlatforms) = preSolution
		Debug|Any CPU = Debug|Any CPU
		Release|Any CPU = Release|Any CPU
	EndGlobalSection
	GlobalSection(ProjectConfigurationPlatforms) = postSolution
		{D1587898-5FFD-4928-AFB5-EA7648F29C3F}.Debug|Any CPU.ActiveCfg = Debug|Any CPU
		{D1587898-5FFD-4928-AFB5-EA7648F29C3F}.Debug|Any CPU.Build.0 = Debug|Any CPU
		{D1587898-5FFD-4928-AFB5-EA7648F29C3F}.Release|Any CPU.ActiveCfg = Release|Any CPU
		{D1587898-5FFD-4928-AFB5-EA7648F29C3F}.Release|Any CPU.Build.0 = Release|Any CPU
	EndGlobalSection
	GlobalSection(SolutionProperties) = preSolution
		HideSolutionNode = FALSE
	EndGlobalSection
	GlobalSection(ExtensibilityGlobals) = postSolution
		SolutionGuid = {2523834B-15B1-4481-A4AF-2C8AE544911D}
	EndGlobalSection
EndGlobal
